
Microsoft Visual Studio Solution File, Format Version 12.00
# Visual Studio 2012
Project("{8BC9CEB8-8B4A-11D0-8D11-00A0C91BC942}") = "Computer_Vision_Hw0", "Computer_Vision_Hw0\Computer_Vision_Hw0.vcxproj", "{063B619E-E38B-4145-8B61-D6A2B672ACC2}"
EndProject
Global
	GlobalSection(SolutionConfigurationPlatforms) = preSolution
		Debug|Win32 = Debug|Win32
		Release|Win32 = Release|Win32
	EndGlobalSection
	GlobalSection(ProjectConfigurationPlatforms) = postSolution
		{063B619E-E38B-4145-8B61-D6A2B672ACC2}.Debug|Win32.ActiveCfg = Debug|Win32
		{063B619E-E38B-4145-8B61-D6A2B672ACC2}.Debug|Win32.Build.0 = Debug|Win32
		{063B619E-E38B-4145-8B61-D6A2B672ACC2}.Release|Win32.ActiveCfg = Release|Win32
		{063B619E-E38B-4145-8B61-D6A2B672ACC2}.Release|Win32.Build.0 = Release|Win32
	EndGlobalSection
	GlobalSection(SolutionProperties) = preSolution
		HideSolutionNode = FALSE
	EndGlobalSection
EndGlobal
